{
  "name": "sla",
  "version": "1.0.0",
  "lockfileVersion": 3,
  "requires": true,
  "packages": {
    "": {
      "name": "sla",
      "version": "1.0.0",
      "license": "ISC",
      "dependencies": {
        "3ads2024s1": "github:gerson-pn/3ads2024s1"
      }
    },
    "node_modules/3ads2024s1": {
      "version": "1.0.0",
      "resolved": "git+ssh://git@github.com/gerson-pn/3ads2024s1.git#28362c2570977a26fdfae592daae1aa89280a529",
      "license": "ISC"
    }
  }
}
